
Microsoft Visual Studio Solution File, Format Version 12.00
# Visual Studio Version 17
VisualStudioVersion = 17.9.34902.65
MinimumVisualStudioVersion = 10.0.40219.1
Project("{FAE04EC0-301F-11D3-BF4B-00C04F79EFBC}") = "AutoDNSConfigurator", "AutoDNSConfigurator.csproj", "{FD0104A3-8FCE-41A6-A154-CC4ACE1A5A20}"
EndProject
Global
	GlobalSection(SolutionConfigurationPlatforms) = preSolution
		Debug|Any CPU = Debug|Any CPU
		Release|Any CPU = Release|Any CPU
	EndGlobalSection
	GlobalSection(ProjectConfigurationPlatforms) = postSolution
		{FD0104A3-8FCE-41A6-A154-CC4ACE1A5A20}.Debug|Any CPU.ActiveCfg = Debug|Any CPU
		{FD0104A3-8FCE-41A6-A154-CC4ACE1A5A20}.Debug|Any CPU.Build.0 = Debug|Any CPU
		{FD0104A3-8FCE-41A6-A154-CC4ACE1A5A20}.Release|Any CPU.ActiveCfg = Release|Any CPU
		{FD0104A3-8FCE-41A6-A154-CC4ACE1A5A20}.Release|Any CPU.Build.0 = Release|Any CPU
	EndGlobalSection
	GlobalSection(SolutionProperties) = preSolution
		HideSolutionNode = FALSE
	EndGlobalSection
	GlobalSection(ExtensibilityGlobals) = postSolution
		SolutionGuid = {DD112383-E8BF-41C1-B759-9F6D51F0E677}
	EndGlobalSection
EndGlobal
